
Microsoft Visual Studio Solution File, Format Version 12.00
# Visual Studio Version 17
VisualStudioVersion = 17.0.32112.339
MinimumVisualStudioVersion = 10.0.40219.1
Project("{FAE04EC0-301F-11D3-BF4B-00C04F79EFBC}") = "Jokes", "Jokes\Jokes.csproj", "{3589D0EA-0F35-4B35-BB6C-6AF935605232}"
EndProject
Global
	GlobalSection(SolutionConfigurationPlatforms) = preSolution
		Debug|Any CPU = Debug|Any CPU
		Release|Any CPU = Release|Any CPU
	EndGlobalSection
	GlobalSection(ProjectConfigurationPlatforms) = postSolution
		{3589D0EA-0F35-4B35-BB6C-6AF935605232}.Debug|Any CPU.ActiveCfg = Debug|Any CPU
		{3589D0EA-0F35-4B35-BB6C-6AF935605232}.Debug|Any CPU.Build.0 = Debug|Any CPU
		{3589D0EA-0F35-4B35-BB6C-6AF935605232}.Release|Any CPU.ActiveCfg = Release|Any CPU
		{3589D0EA-0F35-4B35-BB6C-6AF935605232}.Release|Any CPU.Build.0 = Release|Any CPU
	EndGlobalSection
	GlobalSection(SolutionProperties) = preSolution
		HideSolutionNode = FALSE
	EndGlobalSection
	GlobalSection(ExtensibilityGlobals) = postSolution
		SolutionGuid = {D9238063-4955-4CCD-BCA1-C4EB503077C3}
	EndGlobalSection
EndGlobal
